
Microsoft Visual Studio Solution File, Format Version 12.00
# Visual Studio Version 16
VisualStudioVersion = 16.0.31829.152
MinimumVisualStudioVersion = 10.0.40219.1
Project("{FAE04EC0-301F-11D3-BF4B-00C04F79EFBC}") = "ResearchMySQLDBMS", "TestingMySQL1\ResearchMySQLDBMS.csproj", "{69B0A828-1DB7-411F-BF55-667837E7191A}"
EndProject
Global
	GlobalSection(SolutionConfigurationPlatforms) = preSolution
		Debug|Any CPU = Debug|Any CPU
		Release|Any CPU = Release|Any CPU
	EndGlobalSection
	GlobalSection(ProjectConfigurationPlatforms) = postSolution
		{69B0A828-1DB7-411F-BF55-667837E7191A}.Debug|Any CPU.ActiveCfg = Debug|Any CPU
		{69B0A828-1DB7-411F-BF55-667837E7191A}.Debug|Any CPU.Build.0 = Debug|Any CPU
		{69B0A828-1DB7-411F-BF55-667837E7191A}.Release|Any CPU.ActiveCfg = Release|Any CPU
		{69B0A828-1DB7-411F-BF55-667837E7191A}.Release|Any CPU.Build.0 = Release|Any CPU
	EndGlobalSection
	GlobalSection(SolutionProperties) = preSolution
		HideSolutionNode = FALSE
	EndGlobalSection
	GlobalSection(ExtensibilityGlobals) = postSolution
		SolutionGuid = {DF91AB7A-F3AB-468D-B081-BFE5B709E646}
	EndGlobalSection
EndGlobal
